
Microsoft Visual Studio Solution File, Format Version 12.00
# Visual Studio Version 16
VisualStudioVersion = 16.0.30503.244
MinimumVisualStudioVersion = 10.0.40219.1
Project("{9A19103F-16F7-4668-BE54-9A1E7A4F7556}") = "FirstHWMuholzoev", "FirstHWMuholzoev.csproj", "{03688ED9-9053-4F69-864B-230F2EC9E660}"
EndProject
Project("{FAE04EC0-301F-11D3-BF4B-00C04F79EFBC}") = "FormProject", "..\FormProject\FormProject.csproj", "{5893AC46-FDDB-4D3E-863F-6A56180BC26D}"
EndProject
Global
	GlobalSection(SolutionConfigurationPlatforms) = preSolution
		Debug|Any CPU = Debug|Any CPU
		Release|Any CPU = Release|Any CPU
	EndGlobalSection
	GlobalSection(ProjectConfigurationPlatforms) = postSolution
		{03688ED9-9053-4F69-864B-230F2EC9E660}.Debug|Any CPU.ActiveCfg = Debug|Any CPU
		{03688ED9-9053-4F69-864B-230F2EC9E660}.Debug|Any CPU.Build.0 = Debug|Any CPU
		{03688ED9-9053-4F69-864B-230F2EC9E660}.Release|Any CPU.ActiveCfg = Release|Any CPU
		{03688ED9-9053-4F69-864B-230F2EC9E660}.Release|Any CPU.Build.0 = Release|Any CPU
		{5893AC46-FDDB-4D3E-863F-6A56180BC26D}.Debug|Any CPU.ActiveCfg = Debug|Any CPU
		{5893AC46-FDDB-4D3E-863F-6A56180BC26D}.Debug|Any CPU.Build.0 = Debug|Any CPU
		{5893AC46-FDDB-4D3E-863F-6A56180BC26D}.Release|Any CPU.ActiveCfg = Release|Any CPU
		{5893AC46-FDDB-4D3E-863F-6A56180BC26D}.Release|Any CPU.Build.0 = Release|Any CPU
	EndGlobalSection
	GlobalSection(SolutionProperties) = preSolution
		HideSolutionNode = FALSE
	EndGlobalSection
	GlobalSection(ExtensibilityGlobals) = postSolution
		SolutionGuid = {25AC762E-7C2A-4B24-B7A3-B8B193F095E5}
	EndGlobalSection
EndGlobal
